// !$*UTF8*$!
{
	archiveVersion = 1;
	classes = {
	};
	objectVersion = 51;
	objects = {

/* Begin PBXBuildFile section */
		1889D33F23B0A55B00A2446E /* SelectViewController.swift in Sources */ = {isa = PBXBuildFile; fileRef = 1889D33E23B0A55B00A2446E /* SelectViewController.swift */; };
		188AAF2623B0ABDB009022F2 /* SelectView.swift in Sources */ = {isa = PBXBuildFile; fileRef = 188AAF2523B0ABDB009022F2 /* SelectView.swift */; };
		188AAF2823B0AC50009022F2 /* SelectView_backgroundImage.png in Resources */ = {isa = PBXBuildFile; fileRef = 188AAF2723B0AC50009022F2 /* SelectView_backgroundImage.png */; };
		188ABD5723B0C552009022F2 /* SeekViewController.swift in Sources */ = {isa = PBXBuildFile; fileRef = 188ABD5623B0C552009022F2 /* SeekViewController.swift */; };
		188ABD5923B0C573009022F2 /* SeekView.swift in Sources */ = {isa = PBXBuildFile; fileRef = 188ABD5823B0C573009022F2 /* SeekView.swift */; };
		188ABD5B23B0CBD6009022F2 /* SelectView_bottomView_addButton_image.png in Resources */ = {isa = PBXBuildFile; fileRef = 188ABD5A23B0CBD6009022F2 /* SelectView_bottomView_addButton_image.png */; };
		188ABD5D23B0E5E8009022F2 /* Manager.swift in Sources */ = {isa = PBXBuildFile; fileRef = 188ABD5C23B0E5E8009022F2 /* Manager.swift */; };
		188ABD5F23B0EBB2009022F2 /* SeekView_backgroundImage.jpg in Resources */ = {isa = PBXBuildFile; fileRef = 188ABD5E23B0EBB2009022F2 /* SeekView_backgroundImage.jpg */; };
		188ABD6123B1BF7C009022F2 /* SelectModel.swift in Sources */ = {isa = PBXBuildFile; fileRef = 188ABD6023B1BF7C009022F2 /* SelectModel.swift */; };
		188ABD6323B1ED80009022F2 /* SelectTableViewCell.swift in Sources */ = {isa = PBXBuildFile; fileRef = 188ABD6223B1ED80009022F2 /* SelectTableViewCell.swift */; };
		18D074FE23B09BED00E5EDD2 /* AppDelegate.swift in Sources */ = {isa = PBXBuildFile; fileRef = 18D074FD23B09BED00E5EDD2 /* AppDelegate.swift */; };
		18D0750023B09BED00E5EDD2 /* SceneDelegate.swift in Sources */ = {isa = PBXBuildFile; fileRef = 18D074FF23B09BED00E5EDD2 /* SceneDelegate.swift */; };
		18D0750223B09BED00E5EDD2 /* ContentView.swift in Sources */ = {isa = PBXBuildFile; fileRef = 18D0750123B09BED00E5EDD2 /* ContentView.swift */; };
		18D0750423B09BEE00E5EDD2 /* Assets.xcassets in Resources */ = {isa = PBXBuildFile; fileRef = 18D0750323B09BEE00E5EDD2 /* Assets.xcassets */; };
		18D0750723B09BEE00E5EDD2 /* Preview Assets.xcassets in Resources */ = {isa = PBXBuildFile; fileRef = 18D0750623B09BEE00E5EDD2 /* Preview Assets.xcassets */; };
		18D0750A23B09BEE00E5EDD2 /* LaunchScreen.storyboard in Resources */ = {isa = PBXBuildFile; fileRef = 18D0750823B09BEE00E5EDD2 /* LaunchScreen.storyboard */; };
		18D0751523B09BEE00E5EDD2 /* weather_report_swift_DemoTests.swift in Sources */ = {isa = PBXBuildFile; fileRef = 18D0751423B09BEE00E5EDD2 /* weather_report_swift_DemoTests.swift */; };
		18D0752023B09BEE00E5EDD2 /* weather_report_swift_DemoUITests.swift in Sources */ = {isa = PBXBuildFile; fileRef = 18D0751F23B09BEE00E5EDD2 /* weather_report_swift_DemoUITests.swift */; };
		285DF6CF20C13D8C89290839 /* Pods_weather_report_swift_Demo.framework in Frameworks */ = {isa = PBXBuildFile; fileRef = C644525C4041B277807A1020 /* Pods_weather_report_swift_Demo.framework */; };
/* End PBXBuildFile section */

/* Begin PBXContainerItemProxy section */
		18D0751123B09BEE00E5EDD2 /* PBXContainerItemProxy */ = {
			isa = PBXContainerItemProxy;
			containerPortal = 18D074F223B09BED00E5EDD2 /* Project object */;
			proxyType = 1;
			remoteGlobalIDString = 18D074F923B09BED00E5EDD2;
			remoteInfo = "weather-report-swift-Demo";
		};
		18D0751C23B09BEE00E5EDD2 /* PBXContainerItemProxy */ = {
			isa = PBXContainerItemProxy;
			containerPortal = 18D074F223B09BED00E5EDD2 /* Project object */;
			proxyType = 1;
			remoteGlobalIDString = 18D074F923B09BED00E5EDD2;
			remoteInfo = "weather-report-swift-Demo";
		};
/* End PBXContainerItemProxy section */

/* Begin PBXFileReference section */
		16967ABF5B1B549A4F9EDD12 /* Pods-weather-report-swift-Demo.debug.xcconfig */ = {isa = PBXFileReference; includeInIndex = 1; lastKnownFileType = text.xcconfig; name = "Pods-weather-report-swift-Demo.debug.xcconfig"; path = "Target Support Files/Pods-weather-report-swift-Demo/Pods-weather-report-swift-Demo.debug.xcconfig"; sourceTree = "<group>"; };
		1889D33E23B0A55B00A2446E /* SelectViewController.swift */ = {isa = PBXFileReference; lastKnownFileType = sourcecode.swift; path = SelectViewController.swift; sourceTree = "<group>"; };
		188AAF2523B0ABDB009022F2 /* SelectView.swift */ = {isa = PBXFileReference; lastKnownFileType = sourcecode.swift; path = SelectView.swift; sourceTree = "<group>"; };
		188AAF2723B0AC50009022F2 /* SelectView_backgroundImage.png */ = {isa = PBXFileReference; lastKnownFileType = image.png; path = SelectView_backgroundImage.png; sourceTree = "<group>"; };
		188ABD5623B0C552009022F2 /* SeekViewController.swift */ = {isa = PBXFileReference; lastKnownFileType = sourcecode.swift; path = SeekViewController.swift; sourceTree = "<group>"; };
		188ABD5823B0C573009022F2 /* SeekView.swift */ = {isa = PBXFileReference; lastKnownFileType = sourcecode.swift; path = SeekView.swift; sourceTree = "<group>"; };
		188ABD5A23B0CBD6009022F2 /* SelectView_bottomView_addButton_image.png */ = {isa = PBXFileReference; lastKnownFileType = image.png; path = SelectView_bottomView_addButton_image.png; sourceTree = "<group>"; };
		188ABD5C23B0E5E8009022F2 /* Manager.swift */ = {isa = PBXFileReference; lastKnownFileType = sourcecode.swift; path = Manager.swift; sourceTree = "<group>"; };
		188ABD5E23B0EBB2009022F2 /* SeekView_backgroundImage.jpg */ = {isa = PBXFileReference; lastKnownFileType = image.jpeg; path = SeekView_backgroundImage.jpg; sourceTree = "<group>"; };
		188ABD6023B1BF7C009022F2 /* SelectModel.swift */ = {isa = PBXFileReference; lastKnownFileType = sourcecode.swift; path = SelectModel.swift; sourceTree = "<group>"; };
		188ABD6223B1ED80009022F2 /* SelectTableViewCell.swift */ = {isa = PBXFileReference; lastKnownFileType = sourcecode.swift; path = SelectTableViewCell.swift; sourceTree = "<group>"; };
		18D074FA23B09BED00E5EDD2 /* weather-report-swift-Demo.app */ = {isa = PBXFileReference; explicitFileType = wrapper.application; includeInIndex = 0; path = "weather-report-swift-Demo.app"; sourceTree = BUILT_PRODUCTS_DIR; };
		18D074FD23B09BED00E5EDD2 /* AppDelegate.swift */ = {isa = PBXFileReference; lastKnownFileType = sourcecode.swift; path = AppDelegate.swift; sourceTree = "<group>"; };
		18D074FF23B09BED00E5EDD2 /* SceneDelegate.swift */ = {isa = PBXFileReference; lastKnownFileType = sourcecode.swift; path = SceneDelegate.swift; sourceTree = "<group>"; };
		18D0750123B09BED00E5EDD2 /* ContentView.swift */ = {isa = PBXFileReference; lastKnownFileType = sourcecode.swift; path = ContentView.swift; sourceTree = "<group>"; };
		18D0750323B09BEE00E5EDD2 /* Assets.xcassets */ = {isa = PBXFileReference; lastKnownFileType = folder.assetcatalog; path = Assets.xcassets; sourceTree = "<group>"; };
		18D0750623B09BEE00E5EDD2 /* Preview Assets.xcassets */ = {isa = PBXFileReference; lastKnownFileType = folder.assetcatalog; path = "Preview Assets.xcassets"; sourceTree = "<group>"; };
		18D0750923B09BEE00E5EDD2 /* Base */ = {isa = PBXFileReference; lastKnownFileType = file.storyboard; name = Base; path = Base.lproj/LaunchScreen.storyboard; sourceTree = "<group>"; };
		18D0750B23B09BEE00E5EDD2 /* Info.plist */ = {isa = PBXFileReference; lastKnownFileType = text.plist.xml; path = Info.plist; sourceTree = "<group>"; };
		18D0751023B09BEE00E5EDD2 /* weather-report-swift-DemoTests.xctest */ = {isa = PBXFileReference; explicitFileType = wrapper.cfbundle; includeInIndex = 0; path = "weather-report-swift-DemoTests.xctest"; sourceTree = BUILT_PRODUCTS_DIR; };
		18D0751423B09BEE00E5EDD2 /* weather_report_swift_DemoTests.swift */ = {isa = PBXFileReference; lastKnownFileType = sourcecode.swift; path = weather_report_swift_DemoTests.swift; sourceTree = "<group>"; };
		18D0751623B09BEE00E5EDD2 /* Info.plist */ = {isa = PBXFileReference; lastKnownFileType = text.plist.xml; path = Info.plist; sourceTree = "<group>"; };
		18D0751B23B09BEE00E5EDD2 /* weather-report-swift-DemoUITests.xctest */ = {isa = PBXFileReference; explicitFileType = wrapper.cfbundle; includeInIndex = 0; path = "weather-report-swift-DemoUITests.xctest"; sourceTree = BUILT_PRODUCTS_DIR; };
		18D0751F23B09BEE00E5EDD2 /* weather_report_swift_DemoUITests.swift */ = {isa = PBXFileReference; lastKnownFileType = sourcecode.swift; path = weather_report_swift_DemoUITests.swift; sourceTree = "<group>"; };
		18D0752123B09BEE00E5EDD2 /* Info.plist */ = {isa = PBXFileReference; lastKnownFileType = text.plist.xml; path = Info.plist; sourceTree = "<group>"; };
		66A2DE8D078D4767FBA499B9 /* Pods-weather-report-swift-Demo.release.xcconfig */ = {isa = PBXFileReference; includeInIndex = 1; lastKnownFileType = text.xcconfig; name = "Pods-weather-report-swift-Demo.release.xcconfig"; path = "Target Support Files/Pods-weather-report-swift-Demo/Pods-weather-report-swift-Demo.release.xcconfig"; sourceTree = "<group>"; };
		C644525C4041B277807A1020 /* Pods_weather_report_swift_Demo.framework */ = {isa = PBXFileReference; explicitFileType = wrapper.framework; includeInIndex = 0; path = Pods_weather_report_swift_Demo.framework; sourceTree = BUILT_PRODUCTS_DIR; };
/* End PBXFileReference section */

/* Begin PBXFrameworksBuildPhase section */
		18D074F723B09BED00E5EDD2 /* Frameworks */ = {
			isa = PBXFrameworksBuildPhase;
			buildActionMask = 2147483647;
			files = (
				285DF6CF20C13D8C89290839 /* Pods_weather_report_swift_Demo.framework in Frameworks */,
			);
			runOnlyForDeploymentPostprocessing = 0;
		};
		18D0750D23B09BEE00E5EDD2 /* Frameworks */ = {
			isa = PBXFrameworksBuildPhase;
			buildActionMask = 2147483647;
			files = (
			);
			runOnlyForDeploymentPostprocessing = 0;
		};
		18D0751823B09BEE00E5EDD2 /* Frameworks */ = {
			isa = PBXFrameworksBuildPhase;
			buildActionMask = 2147483647;
			files = (
			);
			runOnlyForDeploymentPostprocessing = 0;
		};
/* End PBXFrameworksBuildPhase section */

/* Begin PBXGroup section */
		1889D33923B0A47A00A2446E /* SupportFiles */ = {
			isa = PBXGroup;
			children = (
				18D074FD23B09BED00E5EDD2 /* AppDelegate.swift */,
				18D074FF23B09BED00E5EDD2 /* SceneDelegate.swift */,
				18D0750323B09BEE00E5EDD2 /* Assets.xcassets */,
				18D0750823B09BEE00E5EDD2 /* LaunchScreen.storyboard */,
			);
			path = SupportFiles;
			sourceTree = "<group>";
		};
		1889D33A23B0A4A100A2446E /* Utils */ = {
			isa = PBXGroup;
			children = (
			);
			path = Utils;
			sourceTree = "<group>";
		};
		1889D33B23B0A4AA00A2446E /* Modules */ = {
			isa = PBXGroup;
			children = (
				188ABD5523B0C506009022F2 /* Seek */,
				188ABD5423B0C4B4009022F2 /* Manager */,
				1889D33D23B0A51700A2446E /* Select */,
			);
			path = Modules;
			sourceTree = "<group>";
		};
		1889D33C23B0A4B600A2446E /* Sources */ = {
			isa = PBXGroup;
			children = (
				188AAF2723B0AC50009022F2 /* SelectView_backgroundImage.png */,
				188ABD5A23B0CBD6009022F2 /* SelectView_bottomView_addButton_image.png */,
				188ABD5E23B0EBB2009022F2 /* SeekView_backgroundImage.jpg */,
			);
			path = Sources;
			sourceTree = "<group>";
		};
		1889D33D23B0A51700A2446E /* Select */ = {
			isa = PBXGroup;
			children = (
				1889D33E23B0A55B00A2446E /* SelectViewController.swift */,
				188AAF2523B0ABDB009022F2 /* SelectView.swift */,
				188ABD6023B1BF7C009022F2 /* SelectModel.swift */,
				188ABD6223B1ED80009022F2 /* SelectTableViewCell.swift */,
			);
			path = Select;
			sourceTree = "<group>";
		};
		188ABD5423B0C4B4009022F2 /* Manager */ = {
			isa = PBXGroup;
			children = (
				188ABD5C23B0E5E8009022F2 /* Manager.swift */,
			);
			path = Manager;
			sourceTree = "<group>";
		};
		188ABD5523B0C506009022F2 /* Seek */ = {
			isa = PBXGroup;
			children = (
				188ABD5623B0C552009022F2 /* SeekViewController.swift */,
				188ABD5823B0C573009022F2 /* SeekView.swift */,
			);
			path = Seek;
			sourceTree = "<group>";
		};
		18D074F123B09BED00E5EDD2 = {
			isa = PBXGroup;
			children = (
				18D074FC23B09BED00E5EDD2 /* weather-report-swift-Demo */,
				18D0751323B09BEE00E5EDD2 /* weather-report-swift-DemoTests */,
				18D0751E23B09BEE00E5EDD2 /* weather-report-swift-DemoUITests */,
				18D074FB23B09BED00E5EDD2 /* Products */,
				B72E17CE50C1421521D1B598 /* Pods */,
				F6B9C1A0A66D1A823EED192C /* Frameworks */,
			);
			sourceTree = "<group>";
		};
		18D074FB23B09BED00E5EDD2 /* Products */ = {
			isa = PBXGroup;
			children = (
				18D074FA23B09BED00E5EDD2 /* weather-report-swift-Demo.app */,
				18D0751023B09BEE00E5EDD2 /* weather-report-swift-DemoTests.xctest */,
				18D0751B23B09BEE00E5EDD2 /* weather-report-swift-DemoUITests.xctest */,
			);
			name = Products;
			sourceTree = "<group>";
		};
		18D074FC23B09BED00E5EDD2 /* weather-report-swift-Demo */ = {
			isa = PBXGroup;
			children = (
				1889D33B23B0A4AA00A2446E /* Modules */,
				1889D33923B0A47A00A2446E /* SupportFiles */,
				1889D33C23B0A4B600A2446E /* Sources */,
				1889D33A23B0A4A100A2446E /* Utils */,
				18D0750123B09BED00E5EDD2 /* ContentView.swift */,
				18D0750B23B09BEE00E5EDD2 /* Info.plist */,
				18D0750523B09BEE00E5EDD2 /* Preview Content */,
			);
			path = "weather-report-swift-Demo";
			sourceTree = "<group>";
		};
		18D0750523B09BEE00E5EDD2 /* Preview Content */ = {
			isa = PBXGroup;
			children = (
				18D0750623B09BEE00E5EDD2 /* Preview Assets.xcassets */,
			);
			path = "Preview Content";
			sourceTree = "<group>";
		};
		18D0751323B09BEE00E5EDD2 /* weather-report-swift-DemoTests */ = {
			isa = PBXGroup;
			children = (
				18D0751423B09BEE00E5EDD2 /* weather_report_swift_DemoTests.swift */,
				18D0751623B09BEE00E5EDD2 /* Info.plist */,
			);
			path = "weather-report-swift-DemoTests";
			sourceTree = "<group>";
		};
		18D0751E23B09BEE00E5EDD2 /* weather-report-swift-DemoUITests */ = {
			isa = PBXGroup;
			children = (
				18D0751F23B09BEE00E5EDD2 /* weather_report_swift_DemoUITests.swift */,
				18D0752123B09BEE00E5EDD2 /* Info.plist */,
			);
			path = "weather-report-swift-DemoUITests";
			sourceTree = "<group>";
		};
		B72E17CE50C1421521D1B598 /* Pods */ = {
			isa = PBXGroup;
			children = (
				16967ABF5B1B549A4F9EDD12 /* Pods-weather-report-swift-Demo.debug.xcconfig */,
				66A2DE8D078D4767FBA499B9 /* Pods-weather-report-swift-Demo.release.xcconfig */,
			);
			path = Pods;
			sourceTree = "<group>";
		};
		F6B9C1A0A66D1A823EED192C /* Frameworks */ = {
			isa = PBXGroup;
			children = (
				C644525C4041B277807A1020 /* Pods_weather_report_swift_Demo.framework */,
			);
			name = Frameworks;
			sourceTree = "<group>";
		};
/* End PBXGroup section */

/* Begin PBXNativeTarget section */
		18D074F923B09BED00E5EDD2 /* weather-report-swift-Demo */ = {
			isa = PBXNativeTarget;
			buildConfigurationList = 18D0752423B09BEE00E5EDD2 /* Build configuration list for PBXNativeTarget "weather-report-swift-Demo" */;
			buildPhases = (
				864EFCDE5955D0C5248BBEBA /* [CP] Check Pods Manifest.lock */,
				18D074F623B09BED00E5EDD2 /* Sources */,
				18D074F723B09BED00E5EDD2 /* Frameworks */,
				18D074F823B09BED00E5EDD2 /* Resources */,
				35877AE1A69BADF3B9F276D8 /* [CP] Embed Pods Frameworks */,
			);
			buildRules = (
			);
			dependencies = (
			);
			name = "weather-report-swift-Demo";
			productName = "weather-report-swift-Demo";
			productReference = 18D074FA23B09BED00E5EDD2 /* weather-report-swift-Demo.app */;
			productType = "com.apple.product-type.application";
		};
		18D0750F23B09BEE00E5EDD2 /* weather-report-swift-DemoTests */ = {
			isa = PBXNativeTarget;
			buildConfigurationList = 18D0752723B09BEE00E5EDD2 /* Build configuration list for PBXNativeTarget "weather-report-swift-DemoTests" */;
			buildPhases = (
				18D0750C23B09BEE00E5EDD2 /* Sources */,
				18D0750D23B09BEE00E5EDD2 /* Frameworks */,
				18D0750E23B09BEE00E5EDD2 /* Resources */,
			);
			buildRules = (
			);
			dependencies = (
				18D0751223B09BEE00E5EDD2 /* PBXTargetDependency */,
			);
			name = "weather-report-swift-DemoTests";
			productName = "weather-report-swift-DemoTests";
			productReference = 18D0751023B09BEE00E5EDD2 /* weather-report-swift-DemoTests.xctest */;
			productType = "com.apple.product-type.bundle.unit-test";
		};
		18D0751A23B09BEE00E5EDD2 /* weather-report-swift-DemoUITests */ = {
			isa = PBXNativeTarget;
			buildConfigurationList = 18D0752A23B09BEE00E5EDD2 /* Build configuration list for PBXNativeTarget "weather-report-swift-DemoUITests" */;
			buildPhases = (
				18D0751723B09BEE00E5EDD2 /* Sources */,
				18D0751823B09BEE00E5EDD2 /* Frameworks */,
				18D0751923B09BEE00E5EDD2 /* Resources */,
			);
			buildRules = (
			);
			dependencies = (
				18D0751D23B09BEE00E5EDD2 /* PBXTargetDependency */,
			);
			name = "weather-report-swift-DemoUITests";
			productName = "weather-report-swift-DemoUITests";
			productReference = 18D0751B23B09BEE00E5EDD2 /* weather-report-swift-DemoUITests.xctest */;
			productType = "com.apple.product-type.bundle.ui-testing";
		};
/* End PBXNativeTarget section */

/* Begin PBXProject section */
		18D074F223B09BED00E5EDD2 /* Project object */ = {
			isa = PBXProject;
			attributes = {
				LastSwiftUpdateCheck = 1130;
				LastUpgradeCheck = 1130;
				ORGANIZATIONNAME = "姜凯文";
				TargetAttributes = {
					18D074F923B09BED00E5EDD2 = {
						CreatedOnToolsVersion = 11.3;
					};
					18D0750F23B09BEE00E5EDD2 = {
						CreatedOnToolsVersion = 11.3;
						TestTargetID = 18D074F923B09BED00E5EDD2;
					};
					18D0751A23B09BEE00E5EDD2 = {
						CreatedOnToolsVersion = 11.3;
						TestTargetID = 18D074F923B09BED00E5EDD2;
					};
				};
			};
			buildConfigurationList = 18D074F523B09BED00E5EDD2 /* Build configuration list for PBXProject "weather-report-swift-Demo" */;
			compatibilityVersion = "Xcode 9.3";
			developmentRegion = en;
			hasScannedForEncodings = 0;
			knownRegions = (
				en,
				Base,
			);
			mainGroup = 18D074F123B09BED00E5EDD2;
			productRefGroup = 18D074FB23B09BED00E5EDD2 /* Products */;
			projectDirPath = "";
			projectRoot = "";
			targets = (
				18D074F923B09BED00E5EDD2 /* weather-report-swift-Demo */,
				18D0750F23B09BEE00E5EDD2 /* weather-report-swift-DemoTests */,
				18D0751A23B09BEE00E5EDD2 /* weather-report-swift-DemoUITests */,
			);
		};
/* End PBXProject section */

/* Begin PBXResourcesBuildPhase section */
		18D074F823B09BED00E5EDD2 /* Resources */ = {
			isa = PBXResourcesBuildPhase;
			buildActionMask = 2147483647;
			files = (
				188AAF2823B0AC50009022F2 /* SelectView_backgroundImage.png in Resources */,
				18D0750A23B09BEE00E5EDD2 /* LaunchScreen.storyboard in Resources */,
				18D0750723B09BEE00E5EDD2 /* Preview Assets.xcassets in Resources */,
				188ABD5F23B0EBB2009022F2 /* SeekView_backgroundImage.jpg in Resources */,
				18D0750423B09BEE00E5EDD2 /* Assets.xcassets in Resources */,
				188ABD5B23B0CBD6009022F2 /* SelectView_bottomView_addButton_image.png in Resources */,
			);
			runOnlyForDeploymentPostprocessing = 0;
		};
		18D0750E23B09BEE00E5EDD2 /* Resources */ = {
			isa = PBXResourcesBuildPhase;
			buildActionMask = 2147483647;
			files = (
			);
			runOnlyForDeploymentPostprocessing = 0;
		};
		18D0751923B09BEE00E5EDD2 /* Resources */ = {
			isa = PBXResourcesBuildPhase;
			buildActionMask = 2147483647;
			files = (
			);
			runOnlyForDeploymentPostprocessing = 0;
		};
/* End PBXResourcesBuildPhase section */

/* Begin PBXShellScriptBuildPhase section */
		35877AE1A69BADF3B9F276D8 /* [CP] Embed Pods Frameworks */ = {
			isa = PBXShellScriptBuildPhase;
			buildActionMask = 2147483647;
			files = (
			);
			inputFileListPaths = (
				"${PODS_ROOT}/Target Support Files/Pods-weather-report-swift-Demo/Pods-weather-report-swift-Demo-frameworks-${CONFIGURATION}-input-files.xcfilelist",
			);
			name = "[CP] Embed Pods Frameworks";
			outputFileListPaths = (
				"${PODS_ROOT}/Target Support Files/Pods-weather-report-swift-Demo/Pods-weather-report-swift-Demo-frameworks-${CONFIGURATION}-output-files.xcfilelist",
			);
			runOnlyForDeploymentPostprocessing = 0;
			shellPath = /bin/sh;
			shellScript = "\"${PODS_ROOT}/Target Support Files/Pods-weather-report-swift-Demo/Pods-weather-report-swift-Demo-frameworks.sh\"\n";
			showEnvVarsInLog = 0;
		};
		864EFCDE5955D0C5248BBEBA /* [CP] Check Pods Manifest.lock */ = {
			isa = PBXShellScriptBuildPhase;
			buildActionMask = 2147483647;
			files = (
			);
			inputFileListPaths = (
			);
			inputPaths = (
				"${PODS_PODFILE_DIR_PATH}/Podfile.lock",
				"${PODS_ROOT}/Manifest.lock",
			);
			name = "[CP] Check Pods Manifest.lock";
			outputFileListPaths = (
			);
			outputPaths = (
				"$(DERIVED_FILE_DIR)/Pods-weather-report-swift-Demo-checkManifestLockResult.txt",
			);
			runOnlyForDeploymentPostprocessing = 0;
			shellPath = /bin/sh;
			shellScript = "diff \"${PODS_PODFILE_DIR_PATH}/Podfile.lock\" \"${PODS_ROOT}/Manifest.lock\" > /dev/null\nif [ $? != 0 ] ; then\n    # print error to STDERR\n    echo \"error: The sandbox is not in sync with the Podfile.lock. Run 'pod install' or update your CocoaPods installation.\" >&2\n    exit 1\nfi\n# This output is used by Xcode 'outputs' to avoid re-running this script phase.\necho \"SUCCESS\" > \"${SCRIPT_OUTPUT_FILE_0}\"\n";
			showEnvVarsInLog = 0;
		};
/* End PBXShellScriptBuildPhase section */

/* Begin PBXSourcesBuildPhase section */
		18D074F623B09BED00E5EDD2 /* Sources */ = {
			isa = PBXSourcesBuildPhase;
			buildActionMask = 2147483647;
			files = (
				188AAF2623B0ABDB009022F2 /* SelectView.swift in Sources */,
				188ABD6123B1BF7C009022F2 /* SelectModel.swift in Sources */,
				1889D33F23B0A55B00A2446E /* SelectViewController.swift in Sources */,
				18D074FE23B09BED00E5EDD2 /* AppDelegate.swift in Sources */,
				18D0750023B09BED00E5EDD2 /* SceneDelegate.swift in Sources */,
				188ABD6323B1ED80009022F2 /* SelectTableViewCell.swift in Sources */,
				188ABD5923B0C573009022F2 /* SeekView.swift in Sources */,
				18D0750223B09BED00E5EDD2 /* ContentView.swift in Sources */,
				188ABD5D23B0E5E8009022F2 /* Manager.swift in Sources */,
				188ABD5723B0C552009022F2 /* SeekViewController.swift in Sources */,
			);
			runOnlyForDeploymentPostprocessing = 0;
		};
		18D0750C23B09BEE00E5EDD2 /* Sources */ = {
			isa = PBXSourcesBuildPhase;
			buildActionMask = 2147483647;
			files = (
				18D0751523B09BEE00E5EDD2 /* weather_report_swift_DemoTests.swift in Sources */,
			);
			runOnlyForDeploymentPostprocessing = 0;
		};
		18D0751723B09BEE00E5EDD2 /* Sources */ = {
			isa = PBXSourcesBuildPhase;
			buildActionMask = 2147483647;
			files = (
				18D0752023B09BEE00E5EDD2 /* weather_report_swift_DemoUITests.swift in Sources */,
			);
			runOnlyForDeploymentPostprocessing = 0;
		};
/* End PBXSourcesBuildPhase section */

/* Begin PBXTargetDependency section */
		18D0751223B09BEE00E5EDD2 /* PBXTargetDependency */ = {
			isa = PBXTargetDependency;
			target = 18D074F923B09BED00E5EDD2 /* weather-report-swift-Demo */;
			targetProxy = 18D0751123B09BEE00E5EDD2 /* PBXContainerItemProxy */;
		};
		18D0751D23B09BEE00E5EDD2 /* PBXTargetDependency */ = {
			isa = PBXTargetDependency;
			target = 18D074F923B09BED00E5EDD2 /* weather-report-swift-Demo */;
			targetProxy = 18D0751C23B09BEE00E5EDD2 /* PBXContainerItemProxy */;
		};
/* End PBXTargetDependency section */

/* Begin PBXVariantGroup section */
		18D0750823B09BEE00E5EDD2 /* LaunchScreen.storyboard */ = {
			isa = PBXVariantGroup;
			children = (
				18D0750923B09BEE00E5EDD2 /* Base */,
			);
			name = LaunchScreen.storyboard;
			sourceTree = "<group>";
		};
/* End PBXVariantGroup section */

/* Begin XCBuildConfiguration section */
		18D0752223B09BEE00E5EDD2 /* Debug */ = {
			isa = XCBuildConfiguration;
			buildSettings = {
				ALWAYS_SEARCH_USER_PATHS = NO;
				CLANG_ANALYZER_NONNULL = YES;
				CLANG_ANALYZER_NUMBER_OBJECT_CONVERSION = YES_AGGRESSIVE;
				CLANG_CXX_LANGUAGE_STANDARD = "gnu++14";
				CLANG_CXX_LIBRARY = "libc++";
				CLANG_ENABLE_MODULES = YES;
				CLANG_ENABLE_OBJC_ARC = YES;
				CLANG_ENABLE_OBJC_WEAK = YES;
				CLANG_WARN_BLOCK_CAPTURE_AUTORELEASING = YES;
				CLANG_WARN_BOOL_CONVERSION = YES;
				CLANG_WARN_COMMA = YES;
				CLANG_WARN_CONSTANT_CONVERSION = YES;
				CLANG_WARN_DEPRECATED_OBJC_IMPLEMENTATIONS = YES;
				CLANG_WARN_DIRECT_OBJC_ISA_USAGE = YES_ERROR;
				CLANG_WARN_DOCUMENTATION_COMMENTS = YES;
				CLANG_WARN_EMPTY_BODY = YES;
				CLANG_WARN_ENUM_CONVERSION = YES;
				CLANG_WARN_INFINITE_RECURSION = YES;
				CLANG_WARN_INT_CONVERSION = YES;
				CLANG_WARN_NON_LITERAL_NULL_CONVERSION = YES;
				CLANG_WARN_OBJC_IMPLICIT_RETAIN_SELF = YES;
				CLANG_WARN_OBJC_LITERAL_CONVERSION = YES;
				CLANG_WARN_OBJC_ROOT_CLASS = YES_ERROR;
				CLANG_WARN_RANGE_LOOP_ANALYSIS = YES;
				CLANG_WARN_STRICT_PROTOTYPES = YES;
				CLANG_WARN_SUSPICIOUS_MOVE = YES;
				CLANG_WARN_UNGUARDED_AVAILABILITY = YES_AGGRESSIVE;
				CLANG_WARN_UNREACHABLE_CODE = YES;
				CLANG_WARN__DUPLICATE_METHOD_MATCH = YES;
				COPY_PHASE_STRIP = NO;
				DEBUG_INFORMATION_FORMAT = dwarf;
				ENABLE_STRICT_OBJC_MSGSEND = YES;
				ENABLE_TESTABILITY = YES;
				GCC_C_LANGUAGE_STANDARD = gnu11;
				GCC_DYNAMIC_NO_PIC = NO;
				GCC_NO_COMMON_BLOCKS = YES;
				GCC_OPTIMIZATION_LEVEL = 0;
				GCC_PREPROCESSOR_DEFINITIONS = (
					"DEBUG=1",
					"$(inherited)",
				);
				GCC_WARN_64_TO_32_BIT_CONVERSION = YES;
				GCC_WARN_ABOUT_RETURN_TYPE = YES_ERROR;
				GCC_WARN_UNDECLARED_SELECTOR = YES;
				GCC_WARN_UNINITIALIZED_AUTOS = YES_AGGRESSIVE;
				GCC_WARN_UNUSED_FUNCTION = YES;
				GCC_WARN_UNUSED_VARIABLE = YES;
				IPHONEOS_DEPLOYMENT_TARGET = 13.2;
				MTL_ENABLE_DEBUG_INFO = INCLUDE_SOURCE;
				MTL_FAST_MATH = YES;
				ONLY_ACTIVE_ARCH = YES;
				SDKROOT = iphoneos;
				SWIFT_ACTIVE_COMPILATION_CONDITIONS = DEBUG;
				SWIFT_OPTIMIZATION_LEVEL = "-Onone";
			};
			name = Debug;
		};
		18D0752323B09BEE00E5EDD2 /* Release */ = {
			isa = XCBuildConfiguration;
			buildSettings = {
				ALWAYS_SEARCH_USER_PATHS = NO;
				CLANG_ANALYZER_NONNULL = YES;
				CLANG_ANALYZER_NUMBER_OBJECT_CONVERSION = YES_AGGRESSIVE;
				CLANG_CXX_LANGUAGE_STANDARD = "gnu++14";
				CLANG_CXX_LIBRARY = "libc++";
				CLANG_ENABLE_MODULES = YES;
				CLANG_ENABLE_OBJC_ARC = YES;
				CLANG_ENABLE_OBJC_WEAK = YES;
				CLANG_WARN_BLOCK_CAPTURE_AUTORELEASING = YES;
				CLANG_WARN_BOOL_CONVERSION = YES;
				CLANG_WARN_COMMA = YES;
				CLANG_WARN_CONSTANT_CONVERSION = YES;
				CLANG_WARN_DEPRECATED_OBJC_IMPLEMENTATIONS = YES;
				CLANG_WARN_DIRECT_OBJC_ISA_USAGE = YES_ERROR;
				CLANG_WARN_DOCUMENTATION_COMMENTS = YES;
				CLANG_WARN_EMPTY_BODY = YES;
				CLANG_WARN_ENUM_CONVERSION = YES;
				CLANG_WARN_INFINITE_RECURSION = YES;
				CLANG_WARN_INT_CONVERSION = YES;
				CLANG_WARN_NON_LITERAL_NULL_CONVERSION = YES;
				CLANG_WARN_OBJC_IMPLICIT_RETAIN_SELF = YES;
				CLANG_WARN_OBJC_LITERAL_CONVERSION = YES;
				CLANG_WARN_OBJC_ROOT_CLASS = YES_ERROR;
				CLANG_WARN_RANGE_LOOP_ANALYSIS = YES;
				CLANG_WARN_STRICT_PROTOTYPES = YES;
				CLANG_WARN_SUSPICIOUS_MOVE = YES;
				CLANG_WARN_UNGUARDED_AVAILABILITY = YES_AGGRESSIVE;
				CLANG_WARN_UNREACHABLE_CODE = YES;
				CLANG_WARN__DUPLICATE_METHOD_MATCH = YES;
				COPY_PHASE_STRIP = NO;
				DEBUG_INFORMATION_FORMAT = "dwarf-with-dsym";
				ENABLE_NS_ASSERTIONS = NO;
				ENABLE_STRICT_OBJC_MSGSEND = YES;
				GCC_C_LANGUAGE_STANDARD = gnu11;
				GCC_NO_COMMON_BLOCKS = YES;
				GCC_WARN_64_TO_32_BIT_CONVERSION = YES;
				GCC_WARN_ABOUT_RETURN_TYPE = YES_ERROR;
				GCC_WARN_UNDECLARED_SELECTOR = YES;
				GCC_WARN_UNINITIALIZED_AUTOS = YES_AGGRESSIVE;
				GCC_WARN_UNUSED_FUNCTION = YES;
				GCC_WARN_UNUSED_VARIABLE = YES;
				IPHONEOS_DEPLOYMENT_TARGET = 13.2;
				MTL_ENABLE_DEBUG_INFO = NO;
				MTL_FAST_MATH = YES;
				SDKROOT = iphoneos;
				SWIFT_COMPILATION_MODE = wholemodule;
				SWIFT_OPTIMIZATION_LEVEL = "-O";
				VALIDATE_PRODUCT = YES;
			};
			name = Release;
		};
		18D0752523B09BEE00E5EDD2 /* Debug */ = {
			isa = XCBuildConfiguration;
			baseConfigurationReference = 16967ABF5B1B549A4F9EDD12 /* Pods-weather-report-swift-Demo.debug.xcconfig */;
			buildSettings = {
				ASSETCATALOG_COMPILER_APPICON_NAME = AppIcon;
				CODE_SIGN_STYLE = Automatic;
				DEVELOPMENT_ASSET_PATHS = "\"weather-report-swift-Demo/Preview Content\"";
				DEVELOPMENT_TEAM = 94Q433PSKZ;
				ENABLE_PREVIEWS = YES;
				INFOPLIST_FILE = "weather-report-swift-Demo/Info.plist";
				LD_RUNPATH_SEARCH_PATHS = (
					"$(inherited)",
					"@executable_path/Frameworks",
				);
				PRODUCT_BUNDLE_IDENTIFIER = "---.weather-report-swift-Demo";
				PRODUCT_NAME = "$(TARGET_NAME)";
				SWIFT_VERSION = 5.0;
				TARGETED_DEVICE_FAMILY = "1,2";
			};
			name = Debug;
		};
		18D0752623B09BEE00E5EDD2 /* Release */ = {
			isa = XCBuildConfiguration;
			baseConfigurationReference = 66A2DE8D078D4767FBA499B9 /* Pods-weather-report-swift-Demo.release.xcconfig */;
			buildSettings = {
				ASSETCATALOG_COMPILER_APPICON_NAME = AppIcon;
				CODE_SIGN_STYLE = Automatic;
				DEVELOPMENT_ASSET_PATHS = "\"weather-report-swift-Demo/Preview Content\"";
				DEVELOPMENT_TEAM = 94Q433PSKZ;
				ENABLE_PREVIEWS = YES;
				INFOPLIST_FILE = "weather-report-swift-Demo/Info.plist";
				LD_RUNPATH_SEARCH_PATHS = (
					"$(inherited)",
					"@executable_path/Frameworks",
				);
				PRODUCT_BUNDLE_IDENTIFIER = "---.weather-report-swift-Demo";
				PRODUCT_NAME = "$(TARGET_NAME)";
				SWIFT_VERSION = 5.0;
				TARGETED_DEVICE_FAMILY = "1,2";
			};
			name = Release;
		};
		18D0752823B09BEE00E5EDD2 /* Debug */ = {
			isa = XCBuildConfiguration;
			buildSettings = {
				ALWAYS_EMBED_SWIFT_STANDARD_LIBRARIES = YES;
				BUNDLE_LOADER = "$(TEST_HOST)";
				CODE_SIGN_STYLE = Automatic;
				DEVELOPMENT_TEAM = 94Q433PSKZ;
				INFOPLIST_FILE = "weather-report-swift-DemoTests/Info.plist";
				IPHONEOS_DEPLOYMENT_TARGET = 13.2;
				LD_RUNPATH_SEARCH_PATHS = (
					"$(inherited)",
					"@executable_path/Frameworks",
					"@loader_path/Frameworks",
				);
				PRODUCT_BUNDLE_IDENTIFIER = "---.weather-report-swift-DemoTests";
				PRODUCT_NAME = "$(TARGET_NAME)";
				SWIFT_VERSION = 5.0;
				TARGETED_DEVICE_FAMILY = "1,2";
				TEST_HOST = "$(BUILT_PRODUCTS_DIR)/weather-report-swift-Demo.app/weather-report-swift-Demo";
			};
			name = Debug;
		};
		18D0752923B09BEE00E5EDD2 /* Release */ = {
			isa = XCBuildConfiguration;
			buildSettings = {
				ALWAYS_EMBED_SWIFT_STANDARD_LIBRARIES = YES;
				BUNDLE_LOADER = "$(TEST_HOST)";
				CODE_SIGN_STYLE = Automatic;
				DEVELOPMENT_TEAM = 94Q433PSKZ;
				INFOPLIST_FILE = "weather-report-swift-DemoTests/Info.plist";
				IPHONEOS_DEPLOYMENT_TARGET = 13.2;
				LD_RUNPATH_SEARCH_PATHS = (
					"$(inherited)",
					"@executable_path/Frameworks",
					"@loader_path/Frameworks",
				);
				PRODUCT_BUNDLE_IDENTIFIER = "---.weather-report-swift-DemoTests";
				PRODUCT_NAME = "$(TARGET_NAME)";
				SWIFT_VERSION = 5.0;
				TARGETED_DEVICE_FAMILY = "1,2";
				TEST_HOST = "$(BUILT_PRODUCTS_DIR)/weather-report-swift-Demo.app/weather-report-swift-Demo";
			};
			name = Release;
		};
		18D0752B23B09BEE00E5EDD2 /* Debug */ = {
			isa = XCBuildConfiguration;
			buildSettings = {
				ALWAYS_EMBED_SWIFT_STANDARD_LIBRARIES = YES;
				CODE_SIGN_STYLE = Automatic;
				DEVELOPMENT_TEAM = 94Q433PSKZ;
				INFOPLIST_FILE = "weather-report-swift-DemoUITests/Info.plist";
				LD_RUNPATH_SEARCH_PATHS = (
					"$(inherited)",
					"@executable_path/Frameworks",
					"@loader_path/Frameworks",
				);
				PRODUCT_BUNDLE_IDENTIFIER = "---.weather-report-swift-DemoUITests";
				PRODUCT_NAME = "$(TARGET_NAME)";
				SWIFT_VERSION = 5.0;
				TARGETED_DEVICE_FAMILY = "1,2";
				TEST_TARGET_NAME = "weather-report-swift-Demo";
			};
			name = Debug;
		};
		18D0752C23B09BEE00E5EDD2 /* Release */ = {
			isa = XCBuildConfiguration;
			buildSettings = {
				ALWAYS_EMBED_SWIFT_STANDARD_LIBRARIES = YES;
				CODE_SIGN_STYLE = Automatic;
				DEVELOPMENT_TEAM = 94Q433PSKZ;
				INFOPLIST_FILE = "weather-report-swift-DemoUITests/Info.plist";
				LD_RUNPATH_SEARCH_PATHS = (
					"$(inherited)",
					"@executable_path/Frameworks",
					"@loader_path/Frameworks",
				);
				PRODUCT_BUNDLE_IDENTIFIER = "---.weather-report-swift-DemoUITests";
				PRODUCT_NAME = "$(TARGET_NAME)";
				SWIFT_VERSION = 5.0;
				TARGETED_DEVICE_FAMILY = "1,2";
				TEST_TARGET_NAME = "weather-report-swift-Demo";
			};
			name = Release;
		};
/* End XCBuildConfiguration section */

/* Begin XCConfigurationList section */
		18D074F523B09BED00E5EDD2 /* Build configuration list for PBXProject "weather-report-swift-Demo" */ = {
			isa = XCConfigurationList;
			buildConfigurations = (
				18D0752223B09BEE00E5EDD2 /* Debug */,
				18D0752323B09BEE00E5EDD2 /* Release */,
			);
			defaultConfigurationIsVisible = 0;
			defaultConfigurationName = Release;
		};
		18D0752423B09BEE00E5EDD2 /* Build configuration list for PBXNativeTarget "weather-report-swift-Demo" */ = {
			isa = XCConfigurationList;
			buildConfigurations = (
				18D0752523B09BEE00E5EDD2 /* Debug */,
				18D0752623B09BEE00E5EDD2 /* Release */,
			);
			defaultConfigurationIsVisible = 0;
			defaultConfigurationName = Release;
		};
		18D0752723B09BEE00E5EDD2 /* Build configuration list for PBXNativeTarget "weather-report-swift-DemoTests" */ = {
			isa = XCConfigurationList;
			buildConfigurations = (
				18D0752823B09BEE00E5EDD2 /* Debug */,
				18D0752923B09BEE00E5EDD2 /* Release */,
			);
			defaultConfigurationIsVisible = 0;
			defaultConfigurationName = Release;
		};
		18D0752A23B09BEE00E5EDD2 /* Build configuration list for PBXNativeTarget "weather-report-swift-DemoUITests" */ = {
			isa = XCConfigurationList;
			buildConfigurations = (
				18D0752B23B09BEE00E5EDD2 /* Debug */,
				18D0752C23B09BEE00E5EDD2 /* Release */,
			);
			defaultConfigurationIsVisible = 0;
			defaultConfigurationName = Release;
		};
/* End XCConfigurationList section */
	};
	rootObject = 18D074F223B09BED00E5EDD2 /* Project object */;
}
